
Microsoft Visual Studio Solution File, Format Version 12.00
# Visual Studio Version 16
VisualStudioVersion = 16.0.29424.173
MinimumVisualStudioVersion = 10.0.40219.1
Project("{FAE04EC0-301F-11D3-BF4B-00C04F79EFBC}") = "NetCoreResearch", "NetCoreResearch.csproj", "{FB6EB114-EC4D-4074-9DF3-F1F4F527E98F}"
EndProject
Global
	GlobalSection(SolutionConfigurationPlatforms) = preSolution
		Debug|Any CPU = Debug|Any CPU
		Release|Any CPU = Release|Any CPU
	EndGlobalSection
	GlobalSection(ProjectConfigurationPlatforms) = postSolution
		{FB6EB114-EC4D-4074-9DF3-F1F4F527E98F}.Debug|Any CPU.ActiveCfg = Debug|Any CPU
		{FB6EB114-EC4D-4074-9DF3-F1F4F527E98F}.Debug|Any CPU.Build.0 = Debug|Any CPU
		{FB6EB114-EC4D-4074-9DF3-F1F4F527E98F}.Release|Any CPU.ActiveCfg = Release|Any CPU
		{FB6EB114-EC4D-4074-9DF3-F1F4F527E98F}.Release|Any CPU.Build.0 = Release|Any CPU
	EndGlobalSection
	GlobalSection(SolutionProperties) = preSolution
		HideSolutionNode = FALSE
	EndGlobalSection
	GlobalSection(ExtensibilityGlobals) = postSolution
		SolutionGuid = {31820EEC-C421-4314-837A-33F72F47A73B}
	EndGlobalSection
EndGlobal
